
Microsoft Visual Studio Solution File, Format Version 12.00
# Visual Studio Version 16
VisualStudioVersion = 16.0.30320.27
MinimumVisualStudioVersion = 10.0.40219.1
Project("{FAE04EC0-301F-11D3-BF4B-00C04F79EFBC}") = "SingleLinkedListProject", "SingleLinkedListProject\SingleLinkedListProject.csproj", "{AD5F53BE-70D5-40DE-AB55-0B20995BCEA1}"
EndProject
Global
	GlobalSection(SolutionConfigurationPlatforms) = preSolution
		Debug|Any CPU = Debug|Any CPU
		Release|Any CPU = Release|Any CPU
	EndGlobalSection
	GlobalSection(ProjectConfigurationPlatforms) = postSolution
		{AD5F53BE-70D5-40DE-AB55-0B20995BCEA1}.Debug|Any CPU.ActiveCfg = Debug|Any CPU
		{AD5F53BE-70D5-40DE-AB55-0B20995BCEA1}.Debug|Any CPU.Build.0 = Debug|Any CPU
		{AD5F53BE-70D5-40DE-AB55-0B20995BCEA1}.Release|Any CPU.ActiveCfg = Release|Any CPU
		{AD5F53BE-70D5-40DE-AB55-0B20995BCEA1}.Release|Any CPU.Build.0 = Release|Any CPU
	EndGlobalSection
	GlobalSection(SolutionProperties) = preSolution
		HideSolutionNode = FALSE
	EndGlobalSection
	GlobalSection(ExtensibilityGlobals) = postSolution
		SolutionGuid = {4E887A0C-61D5-4034-814E-DD405ED0A89B}
	EndGlobalSection
EndGlobal
